// !$*UTF8*$!
{
	archiveVersion = 1;
	classes = {
	};
	objectVersion = 55;
	objects = {

/* Begin PBXBuildFile section */
		B4213F2B28702D9A00BA96CD /* v_columns.swift in Sources */ = {isa = PBXBuildFile; fileRef = B4213F2A28702D9A00BA96CD /* v_columns.swift */; };
		B43D9F6A285CE4C4002C998D /* AppDelegate.swift in Sources */ = {isa = PBXBuildFile; fileRef = B43D9F69285CE4C4002C998D /* AppDelegate.swift */; };
		B43D9F6C285CE4C4002C998D /* ViewController.swift in Sources */ = {isa = PBXBuildFile; fileRef = B43D9F6B285CE4C4002C998D /* ViewController.swift */; };
		B43D9F6E285CE4C9002C998D /* Assets.xcassets in Resources */ = {isa = PBXBuildFile; fileRef = B43D9F6D285CE4C9002C998D /* Assets.xcassets */; };
		B43D9F7B285CE4F1002C998D /* v_sql.swift in Sources */ = {isa = PBXBuildFile; fileRef = B43D9F7A285CE4F1002C998D /* v_sql.swift */; };
		B43D9F80285CE583002C998D /* Main.storyboard in Resources */ = {isa = PBXBuildFile; fileRef = B43D9F7E285CE583002C998D /* Main.storyboard */; };
		B43D9F8F285CE5E4002C998D /* MysqlResult.swift in Sources */ = {isa = PBXBuildFile; fileRef = B43D9F82285CE5E2002C998D /* MysqlResult.swift */; };
		B43D9F90285CE5E4002C998D /* ConnectionPool.swift in Sources */ = {isa = PBXBuildFile; fileRef = B43D9F83285CE5E2002C998D /* ConnectionPool.swift */; };
		B43D9F91285CE5E4002C998D /* Packets.swift in Sources */ = {isa = PBXBuildFile; fileRef = B43D9F84285CE5E2002C998D /* Packets.swift */; };
		B43D9F92285CE5E4002C998D /* Table.swift in Sources */ = {isa = PBXBuildFile; fileRef = B43D9F85285CE5E3002C998D /* Table.swift */; };
		B43D9F93285CE5E4002C998D /* Socket.swift in Sources */ = {isa = PBXBuildFile; fileRef = B43D9F86285CE5E3002C998D /* Socket.swift */; };
		B43D9F94285CE5E4002C998D /* Utils.swift in Sources */ = {isa = PBXBuildFile; fileRef = B43D9F87285CE5E3002C998D /* Utils.swift */; };
		B43D9F95285CE5E4002C998D /* Constants.swift in Sources */ = {isa = PBXBuildFile; fileRef = B43D9F88285CE5E3002C998D /* Constants.swift */; };
		B43D9F96285CE5E4002C998D /* tests.swift in Sources */ = {isa = PBXBuildFile; fileRef = B43D9F89285CE5E3002C998D /* tests.swift */; };
		B43D9F97285CE5E4002C998D /* Connection.swift in Sources */ = {isa = PBXBuildFile; fileRef = B43D9F8A285CE5E3002C998D /* Connection.swift */; };
		B43D9F98285CE5E4002C998D /* Statement.swift in Sources */ = {isa = PBXBuildFile; fileRef = B43D9F8B285CE5E3002C998D /* Statement.swift */; };
		B43D9F99285CE5E4002C998D /* mysql.swift in Sources */ = {isa = PBXBuildFile; fileRef = B43D9F8C285CE5E4002C998D /* mysql.swift */; };
		B43D9F9A285CE5E4002C998D /* sha1.swift in Sources */ = {isa = PBXBuildFile; fileRef = B43D9F8D285CE5E4002C998D /* sha1.swift */; };
		B43D9F9B285CE5E4002C998D /* Query.swift in Sources */ = {isa = PBXBuildFile; fileRef = B43D9F8E285CE5E4002C998D /* Query.swift */; };
		B43D9F9D285D0209002C998D /* database.swift in Sources */ = {isa = PBXBuildFile; fileRef = B43D9F9C285D0209002C998D /* database.swift */; };
		B43D9F9F285DABF8002C998D /* sql.swift in Sources */ = {isa = PBXBuildFile; fileRef = B43D9F9E285DABF8002C998D /* sql.swift */; };
		B43D9FA1285DAD69002C998D /* extensions.swift in Sources */ = {isa = PBXBuildFile; fileRef = B43D9FA0285DAD69002C998D /* extensions.swift */; };
		B440EEB92870EF8500E23585 /* storyboard.swift in Sources */ = {isa = PBXBuildFile; fileRef = B440EEB82870EF8500E23585 /* storyboard.swift */; };
		B450B41228664238008A5955 /* v_settings.swift in Sources */ = {isa = PBXBuildFile; fileRef = B450B41128664238008A5955 /* v_settings.swift */; };
		B450B4142866E507008A5955 /* system.swift in Sources */ = {isa = PBXBuildFile; fileRef = B450B4132866E507008A5955 /* system.swift */; };
		B450B41628675C20008A5955 /* file.swift in Sources */ = {isa = PBXBuildFile; fileRef = B450B41528675C20008A5955 /* file.swift */; };
		B450B41828685A92008A5955 /* v_updatable.swift in Sources */ = {isa = PBXBuildFile; fileRef = B450B41728685A92008A5955 /* v_updatable.swift */; };
		B450B41A2868F705008A5955 /* v_viewtype.swift in Sources */ = {isa = PBXBuildFile; fileRef = B450B4192868F705008A5955 /* v_viewtype.swift */; };
		B450B41F286A5BB2008A5955 /* v_main.swift in Sources */ = {isa = PBXBuildFile; fileRef = B450B41E286A5BB2008A5955 /* v_main.swift */; };
		B450B421286DD0EB008A5955 /* swift.swift in Sources */ = {isa = PBXBuildFile; fileRef = B450B420286DD0EB008A5955 /* swift.swift */; };
		B45AC4382860F4E5008BAE6A /* php.swift in Sources */ = {isa = PBXBuildFile; fileRef = B45AC4372860F4E5008BAE6A /* php.swift */; };
		B4C6E93028733E2300DE918F /* v_connect.swift in Sources */ = {isa = PBXBuildFile; fileRef = B4C6E92F28733E2300DE918F /* v_connect.swift */; };
		B4F3550928966A610076F1B9 /* globals.swift in Sources */ = {isa = PBXBuildFile; fileRef = B4F3550828966A610076F1B9 /* globals.swift */; };
/* End PBXBuildFile section */

/* Begin PBXFileReference section */
		B4213F2A28702D9A00BA96CD /* v_columns.swift */ = {isa = PBXFileReference; lastKnownFileType = sourcecode.swift; path = v_columns.swift; sourceTree = "<group>"; };
		B43D9F66285CE4C4002C998D /* Easy Mobile.app */ = {isa = PBXFileReference; explicitFileType = wrapper.application; includeInIndex = 0; path = "Easy Mobile.app"; sourceTree = BUILT_PRODUCTS_DIR; };
		B43D9F69285CE4C4002C998D /* AppDelegate.swift */ = {isa = PBXFileReference; lastKnownFileType = sourcecode.swift; path = AppDelegate.swift; sourceTree = "<group>"; };
		B43D9F6B285CE4C4002C998D /* ViewController.swift */ = {isa = PBXFileReference; lastKnownFileType = sourcecode.swift; path = ViewController.swift; sourceTree = "<group>"; };
		B43D9F6D285CE4C9002C998D /* Assets.xcassets */ = {isa = PBXFileReference; lastKnownFileType = folder.assetcatalog; path = Assets.xcassets; sourceTree = "<group>"; };
		B43D9F7A285CE4F1002C998D /* v_sql.swift */ = {isa = PBXFileReference; fileEncoding = 4; lastKnownFileType = sourcecode.swift; path = v_sql.swift; sourceTree = "<group>"; };
		B43D9F7F285CE583002C998D /* Base */ = {isa = PBXFileReference; lastKnownFileType = file.storyboard; name = Base; path = Base.lproj/Main.storyboard; sourceTree = "<group>"; };
		B43D9F82285CE5E2002C998D /* MysqlResult.swift */ = {isa = PBXFileReference; fileEncoding = 4; lastKnownFileType = sourcecode.swift; path = MysqlResult.swift; sourceTree = "<group>"; };
		B43D9F83285CE5E2002C998D /* ConnectionPool.swift */ = {isa = PBXFileReference; fileEncoding = 4; lastKnownFileType = sourcecode.swift; path = ConnectionPool.swift; sourceTree = "<group>"; };
		B43D9F84285CE5E2002C998D /* Packets.swift */ = {isa = PBXFileReference; fileEncoding = 4; lastKnownFileType = sourcecode.swift; path = Packets.swift; sourceTree = "<group>"; };
		B43D9F85285CE5E3002C998D /* Table.swift */ = {isa = PBXFileReference; fileEncoding = 4; lastKnownFileType = sourcecode.swift; path = Table.swift; sourceTree = "<group>"; };
		B43D9F86285CE5E3002C998D /* Socket.swift */ = {isa = PBXFileReference; fileEncoding = 4; lastKnownFileType = sourcecode.swift; path = Socket.swift; sourceTree = "<group>"; };
		B43D9F87285CE5E3002C998D /* Utils.swift */ = {isa = PBXFileReference; fileEncoding = 4; lastKnownFileType = sourcecode.swift; path = Utils.swift; sourceTree = "<group>"; };
		B43D9F88285CE5E3002C998D /* Constants.swift */ = {isa = PBXFileReference; fileEncoding = 4; lastKnownFileType = sourcecode.swift; path = Constants.swift; sourceTree = "<group>"; };
		B43D9F89285CE5E3002C998D /* tests.swift */ = {isa = PBXFileReference; fileEncoding = 4; lastKnownFileType = sourcecode.swift; path = tests.swift; sourceTree = "<group>"; };
		B43D9F8A285CE5E3002C998D /* Connection.swift */ = {isa = PBXFileReference; fileEncoding = 4; lastKnownFileType = sourcecode.swift; path = Connection.swift; sourceTree = "<group>"; };
		B43D9F8B285CE5E3002C998D /* Statement.swift */ = {isa = PBXFileReference; fileEncoding = 4; lastKnownFileType = sourcecode.swift; path = Statement.swift; sourceTree = "<group>"; };
		B43D9F8C285CE5E4002C998D /* mysql.swift */ = {isa = PBXFileReference; fileEncoding = 4; lastKnownFileType = sourcecode.swift; path = mysql.swift; sourceTree = "<group>"; };
		B43D9F8D285CE5E4002C998D /* sha1.swift */ = {isa = PBXFileReference; fileEncoding = 4; lastKnownFileType = sourcecode.swift; path = sha1.swift; sourceTree = "<group>"; };
		B43D9F8E285CE5E4002C998D /* Query.swift */ = {isa = PBXFileReference; fileEncoding = 4; lastKnownFileType = sourcecode.swift; path = Query.swift; sourceTree = "<group>"; };
		B43D9F9C285D0209002C998D /* database.swift */ = {isa = PBXFileReference; lastKnownFileType = sourcecode.swift; path = database.swift; sourceTree = "<group>"; };
		B43D9F9E285DABF8002C998D /* sql.swift */ = {isa = PBXFileReference; lastKnownFileType = sourcecode.swift; path = sql.swift; sourceTree = "<group>"; };
		B43D9FA0285DAD69002C998D /* extensions.swift */ = {isa = PBXFileReference; fileEncoding = 4; lastKnownFileType = sourcecode.swift; path = extensions.swift; sourceTree = "<group>"; };
		B440EEB82870EF8500E23585 /* storyboard.swift */ = {isa = PBXFileReference; lastKnownFileType = sourcecode.swift; path = storyboard.swift; sourceTree = "<group>"; };
		B450B41128664238008A5955 /* v_settings.swift */ = {isa = PBXFileReference; lastKnownFileType = sourcecode.swift; path = v_settings.swift; sourceTree = "<group>"; };
		B450B4132866E507008A5955 /* system.swift */ = {isa = PBXFileReference; lastKnownFileType = sourcecode.swift; path = system.swift; sourceTree = "<group>"; };
		B450B41528675C20008A5955 /* file.swift */ = {isa = PBXFileReference; lastKnownFileType = sourcecode.swift; path = file.swift; sourceTree = "<group>"; };
		B450B41728685A92008A5955 /* v_updatable.swift */ = {isa = PBXFileReference; lastKnownFileType = sourcecode.swift; path = v_updatable.swift; sourceTree = "<group>"; };
		B450B4192868F705008A5955 /* v_viewtype.swift */ = {isa = PBXFileReference; lastKnownFileType = sourcecode.swift; path = v_viewtype.swift; sourceTree = "<group>"; };
		B450B41E286A5BB2008A5955 /* v_main.swift */ = {isa = PBXFileReference; lastKnownFileType = sourcecode.swift; path = v_main.swift; sourceTree = "<group>"; };
		B450B420286DD0EB008A5955 /* swift.swift */ = {isa = PBXFileReference; lastKnownFileType = sourcecode.swift; path = swift.swift; sourceTree = "<group>"; };
		B45AC4372860F4E5008BAE6A /* php.swift */ = {isa = PBXFileReference; lastKnownFileType = sourcecode.swift; path = php.swift; sourceTree = "<group>"; };
		B4C6E92F28733E2300DE918F /* v_connect.swift */ = {isa = PBXFileReference; lastKnownFileType = sourcecode.swift; path = v_connect.swift; sourceTree = "<group>"; };
		B4C76C9C288064CE009F5344 /* Easy_Mobile.entitlements */ = {isa = PBXFileReference; lastKnownFileType = text.plist.entitlements; path = Easy_Mobile.entitlements; sourceTree = "<group>"; };
		B4F3550828966A610076F1B9 /* globals.swift */ = {isa = PBXFileReference; lastKnownFileType = sourcecode.swift; path = globals.swift; sourceTree = "<group>"; };
/* End PBXFileReference section */

/* Begin PBXFrameworksBuildPhase section */
		B43D9F63285CE4C4002C998D /* Frameworks */ = {
			isa = PBXFrameworksBuildPhase;
			buildActionMask = 2147483647;
			files = (
			);
			runOnlyForDeploymentPostprocessing = 0;
		};
/* End PBXFrameworksBuildPhase section */

/* Begin PBXGroup section */
		B43D9F5D285CE4C4002C998D = {
			isa = PBXGroup;
			children = (
				B43D9F68285CE4C4002C998D /* Easy Mobile */,
				B43D9F67285CE4C4002C998D /* Products */,
			);
			sourceTree = "<group>";
		};
		B43D9F67285CE4C4002C998D /* Products */ = {
			isa = PBXGroup;
			children = (
				B43D9F66285CE4C4002C998D /* Easy Mobile.app */,
			);
			name = Products;
			sourceTree = "<group>";
		};
		B43D9F68285CE4C4002C998D /* Easy Mobile */ = {
			isa = PBXGroup;
			children = (
				B43D9F7E285CE583002C998D /* Main.storyboard */,
				B4C6E92F28733E2300DE918F /* v_connect.swift */,
				B450B41E286A5BB2008A5955 /* v_main.swift */,
				B43D9F7A285CE4F1002C998D /* v_sql.swift */,
				B450B41128664238008A5955 /* v_settings.swift */,
				B450B41728685A92008A5955 /* v_updatable.swift */,
				B450B4192868F705008A5955 /* v_viewtype.swift */,
				B4213F2A28702D9A00BA96CD /* v_columns.swift */,
				B4F3550828966A610076F1B9 /* globals.swift */,
				B47A16B72880125A00B04F7B /* source */,
				B47A16B82880128600B04F7B /* Global */,
				B43D9F81285CE5C7002C998D /* MySQLDriver */,
				B43D9F69285CE4C4002C998D /* AppDelegate.swift */,
				B43D9F6B285CE4C4002C998D /* ViewController.swift */,
				B4C76C9C288064CE009F5344 /* Easy_Mobile.entitlements */,
				B43D9F6D285CE4C9002C998D /* Assets.xcassets */,
			);
			path = "Easy Mobile";
			sourceTree = "<group>";
		};
		B43D9F81285CE5C7002C998D /* MySQLDriver */ = {
			isa = PBXGroup;
			children = (
				B43D9F8A285CE5E3002C998D /* Connection.swift */,
				B43D9F83285CE5E2002C998D /* ConnectionPool.swift */,
				B43D9F88285CE5E3002C998D /* Constants.swift */,
				B43D9F8C285CE5E4002C998D /* mysql.swift */,
				B43D9F82285CE5E2002C998D /* MysqlResult.swift */,
				B43D9F84285CE5E2002C998D /* Packets.swift */,
				B43D9F8E285CE5E4002C998D /* Query.swift */,
				B43D9F8D285CE5E4002C998D /* sha1.swift */,
				B43D9F86285CE5E3002C998D /* Socket.swift */,
				B43D9F8B285CE5E3002C998D /* Statement.swift */,
				B43D9F85285CE5E3002C998D /* Table.swift */,
				B43D9F89285CE5E3002C998D /* tests.swift */,
				B43D9F87285CE5E3002C998D /* Utils.swift */,
			);
			path = MySQLDriver;
			sourceTree = "<group>";
		};
		B47A16B72880125A00B04F7B /* source */ = {
			isa = PBXGroup;
			children = (
				B43D9F9C285D0209002C998D /* database.swift */,
				B450B420286DD0EB008A5955 /* swift.swift */,
				B43D9F9E285DABF8002C998D /* sql.swift */,
				B45AC4372860F4E5008BAE6A /* php.swift */,
				B440EEB82870EF8500E23585 /* storyboard.swift */,
			);
			path = source;
			sourceTree = "<group>";
		};
		B47A16B82880128600B04F7B /* Global */ = {
			isa = PBXGroup;
			children = (
				B450B41528675C20008A5955 /* file.swift */,
				B450B4132866E507008A5955 /* system.swift */,
				B43D9FA0285DAD69002C998D /* extensions.swift */,
			);
			path = Global;
			sourceTree = "<group>";
		};
/* End PBXGroup section */

/* Begin PBXNativeTarget section */
		B43D9F65285CE4C4002C998D /* Easy Mobile */ = {
			isa = PBXNativeTarget;
			buildConfigurationList = B43D9F75285CE4C9002C998D /* Build configuration list for PBXNativeTarget "Easy Mobile" */;
			buildPhases = (
				B43D9F62285CE4C4002C998D /* Sources */,
				B43D9F63285CE4C4002C998D /* Frameworks */,
				B43D9F64285CE4C4002C998D /* Resources */,
			);
			buildRules = (
			);
			dependencies = (
			);
			name = "Easy Mobile";
			productName = "MY Code Generator";
			productReference = B43D9F66285CE4C4002C998D /* Easy Mobile.app */;
			productType = "com.apple.product-type.application";
		};
/* End PBXNativeTarget section */

/* Begin PBXProject section */
		B43D9F5E285CE4C4002C998D /* Project object */ = {
			isa = PBXProject;
			attributes = {
				BuildIndependentTargetsInParallel = 1;
				LastSwiftUpdateCheck = 1320;
				LastUpgradeCheck = 1320;
				TargetAttributes = {
					B43D9F65285CE4C4002C998D = {
						CreatedOnToolsVersion = 13.2.1;
					};
				};
			};
			buildConfigurationList = B43D9F61285CE4C4002C998D /* Build configuration list for PBXProject "Easy Mobile" */;
			compatibilityVersion = "Xcode 13.0";
			developmentRegion = en;
			hasScannedForEncodings = 0;
			knownRegions = (
				en,
				Base,
			);
			mainGroup = B43D9F5D285CE4C4002C998D;
			productRefGroup = B43D9F67285CE4C4002C998D /* Products */;
			projectDirPath = "";
			projectRoot = "";
			targets = (
				B43D9F65285CE4C4002C998D /* Easy Mobile */,
			);
		};
/* End PBXProject section */

/* Begin PBXResourcesBuildPhase section */
		B43D9F64285CE4C4002C998D /* Resources */ = {
			isa = PBXResourcesBuildPhase;
			buildActionMask = 2147483647;
			files = (
				B43D9F6E285CE4C9002C998D /* Assets.xcassets in Resources */,
				B43D9F80285CE583002C998D /* Main.storyboard in Resources */,
			);
			runOnlyForDeploymentPostprocessing = 0;
		};
/* End PBXResourcesBuildPhase section */

/* Begin PBXSourcesBuildPhase section */
		B43D9F62285CE4C4002C998D /* Sources */ = {
			isa = PBXSourcesBuildPhase;
			buildActionMask = 2147483647;
			files = (
				B43D9F99285CE5E4002C998D /* mysql.swift in Sources */,
				B43D9F9A285CE5E4002C998D /* sha1.swift in Sources */,
				B450B41A2868F705008A5955 /* v_viewtype.swift in Sources */,
				B43D9F93285CE5E4002C998D /* Socket.swift in Sources */,
				B450B41828685A92008A5955 /* v_updatable.swift in Sources */,
				B43D9F6C285CE4C4002C998D /* ViewController.swift in Sources */,
				B450B41628675C20008A5955 /* file.swift in Sources */,
				B43D9F94285CE5E4002C998D /* Utils.swift in Sources */,
				B43D9F92285CE5E4002C998D /* Table.swift in Sources */,
				B43D9FA1285DAD69002C998D /* extensions.swift in Sources */,
				B43D9F98285CE5E4002C998D /* Statement.swift in Sources */,
				B45AC4382860F4E5008BAE6A /* php.swift in Sources */,
				B43D9F9D285D0209002C998D /* database.swift in Sources */,
				B450B41F286A5BB2008A5955 /* v_main.swift in Sources */,
				B43D9F8F285CE5E4002C998D /* MysqlResult.swift in Sources */,
				B43D9F95285CE5E4002C998D /* Constants.swift in Sources */,
				B4213F2B28702D9A00BA96CD /* v_columns.swift in Sources */,
				B450B421286DD0EB008A5955 /* swift.swift in Sources */,
				B43D9F6A285CE4C4002C998D /* AppDelegate.swift in Sources */,
				B43D9F97285CE5E4002C998D /* Connection.swift in Sources */,
				B43D9F90285CE5E4002C998D /* ConnectionPool.swift in Sources */,
				B43D9F9B285CE5E4002C998D /* Query.swift in Sources */,
				B43D9F7B285CE4F1002C998D /* v_sql.swift in Sources */,
				B4C6E93028733E2300DE918F /* v_connect.swift in Sources */,
				B43D9F96285CE5E4002C998D /* tests.swift in Sources */,
				B43D9F9F285DABF8002C998D /* sql.swift in Sources */,
				B4F3550928966A610076F1B9 /* globals.swift in Sources */,
				B450B41228664238008A5955 /* v_settings.swift in Sources */,
				B440EEB92870EF8500E23585 /* storyboard.swift in Sources */,
				B450B4142866E507008A5955 /* system.swift in Sources */,
				B43D9F91285CE5E4002C998D /* Packets.swift in Sources */,
			);
			runOnlyForDeploymentPostprocessing = 0;
		};
/* End PBXSourcesBuildPhase section */

/* Begin PBXVariantGroup section */
		B43D9F7E285CE583002C998D /* Main.storyboard */ = {
			isa = PBXVariantGroup;
			children = (
				B43D9F7F285CE583002C998D /* Base */,
			);
			name = Main.storyboard;
			sourceTree = "<group>";
		};
/* End PBXVariantGroup section */

/* Begin XCBuildConfiguration section */
		B43D9F73285CE4C9002C998D /* Debug */ = {
			isa = XCBuildConfiguration;
			buildSettings = {
				ALWAYS_SEARCH_USER_PATHS = NO;
				CLANG_ANALYZER_NONNULL = YES;
				CLANG_ANALYZER_NUMBER_OBJECT_CONVERSION = YES_AGGRESSIVE;
				CLANG_CXX_LANGUAGE_STANDARD = "gnu++17";
				CLANG_CXX_LIBRARY = "libc++";
				CLANG_ENABLE_MODULES = YES;
				CLANG_ENABLE_OBJC_ARC = YES;
				CLANG_ENABLE_OBJC_WEAK = YES;
				CLANG_WARN_BLOCK_CAPTURE_AUTORELEASING = YES;
				CLANG_WARN_BOOL_CONVERSION = YES;
				CLANG_WARN_COMMA = YES;
				CLANG_WARN_CONSTANT_CONVERSION = YES;
				CLANG_WARN_DEPRECATED_OBJC_IMPLEMENTATIONS = YES;
				CLANG_WARN_DIRECT_OBJC_ISA_USAGE = YES_ERROR;
				CLANG_WARN_DOCUMENTATION_COMMENTS = YES;
				CLANG_WARN_EMPTY_BODY = YES;
				CLANG_WARN_ENUM_CONVERSION = YES;
				CLANG_WARN_INFINITE_RECURSION = YES;
				CLANG_WARN_INT_CONVERSION = YES;
				CLANG_WARN_NON_LITERAL_NULL_CONVERSION = YES;
				CLANG_WARN_OBJC_IMPLICIT_RETAIN_SELF = YES;
				CLANG_WARN_OBJC_LITERAL_CONVERSION = YES;
				CLANG_WARN_OBJC_ROOT_CLASS = YES_ERROR;
				CLANG_WARN_QUOTED_INCLUDE_IN_FRAMEWORK_HEADER = YES;
				CLANG_WARN_RANGE_LOOP_ANALYSIS = YES;
				CLANG_WARN_STRICT_PROTOTYPES = YES;
				CLANG_WARN_SUSPICIOUS_MOVE = YES;
				CLANG_WARN_UNGUARDED_AVAILABILITY = YES_AGGRESSIVE;
				CLANG_WARN_UNREACHABLE_CODE = YES;
				CLANG_WARN__DUPLICATE_METHOD_MATCH = YES;
				COPY_PHASE_STRIP = NO;
				DEBUG_INFORMATION_FORMAT = dwarf;
				ENABLE_STRICT_OBJC_MSGSEND = YES;
				ENABLE_TESTABILITY = YES;
				GCC_C_LANGUAGE_STANDARD = gnu11;
				GCC_DYNAMIC_NO_PIC = NO;
				GCC_NO_COMMON_BLOCKS = YES;
				GCC_OPTIMIZATION_LEVEL = 0;
				GCC_PREPROCESSOR_DEFINITIONS = (
					"DEBUG=1",
					"$(inherited)",
				);
				GCC_WARN_64_TO_32_BIT_CONVERSION = YES;
				GCC_WARN_ABOUT_RETURN_TYPE = YES_ERROR;
				GCC_WARN_UNDECLARED_SELECTOR = YES;
				GCC_WARN_UNINITIALIZED_AUTOS = YES_AGGRESSIVE;
				GCC_WARN_UNUSED_FUNCTION = YES;
				GCC_WARN_UNUSED_VARIABLE = YES;
				MACOSX_DEPLOYMENT_TARGET = 11.6;
				MTL_ENABLE_DEBUG_INFO = INCLUDE_SOURCE;
				MTL_FAST_MATH = YES;
				ONLY_ACTIVE_ARCH = YES;
				SDKROOT = macosx;
				SWIFT_ACTIVE_COMPILATION_CONDITIONS = DEBUG;
				SWIFT_OPTIMIZATION_LEVEL = "-Onone";
			};
			name = Debug;
		};
		B43D9F74285CE4C9002C998D /* Release */ = {
			isa = XCBuildConfiguration;
			buildSettings = {
				ALWAYS_SEARCH_USER_PATHS = NO;
				CLANG_ANALYZER_NONNULL = YES;
				CLANG_ANALYZER_NUMBER_OBJECT_CONVERSION = YES_AGGRESSIVE;
				CLANG_CXX_LANGUAGE_STANDARD = "gnu++17";
				CLANG_CXX_LIBRARY = "libc++";
				CLANG_ENABLE_MODULES = YES;
				CLANG_ENABLE_OBJC_ARC = YES;
				CLANG_ENABLE_OBJC_WEAK = YES;
				CLANG_WARN_BLOCK_CAPTURE_AUTORELEASING = YES;
				CLANG_WARN_BOOL_CONVERSION = YES;
				CLANG_WARN_COMMA = YES;
				CLANG_WARN_CONSTANT_CONVERSION = YES;
				CLANG_WARN_DEPRECATED_OBJC_IMPLEMENTATIONS = YES;
				CLANG_WARN_DIRECT_OBJC_ISA_USAGE = YES_ERROR;
				CLANG_WARN_DOCUMENTATION_COMMENTS = YES;
				CLANG_WARN_EMPTY_BODY = YES;
				CLANG_WARN_ENUM_CONVERSION = YES;
				CLANG_WARN_INFINITE_RECURSION = YES;
				CLANG_WARN_INT_CONVERSION = YES;
				CLANG_WARN_NON_LITERAL_NULL_CONVERSION = YES;
				CLANG_WARN_OBJC_IMPLICIT_RETAIN_SELF = YES;
				CLANG_WARN_OBJC_LITERAL_CONVERSION = YES;
				CLANG_WARN_OBJC_ROOT_CLASS = YES_ERROR;
				CLANG_WARN_QUOTED_INCLUDE_IN_FRAMEWORK_HEADER = YES;
				CLANG_WARN_RANGE_LOOP_ANALYSIS = YES;
				CLANG_WARN_STRICT_PROTOTYPES = YES;
				CLANG_WARN_SUSPICIOUS_MOVE = YES;
				CLANG_WARN_UNGUARDED_AVAILABILITY = YES_AGGRESSIVE;
				CLANG_WARN_UNREACHABLE_CODE = YES;
				CLANG_WARN__DUPLICATE_METHOD_MATCH = YES;
				COPY_PHASE_STRIP = NO;
				DEBUG_INFORMATION_FORMAT = "dwarf-with-dsym";
				ENABLE_NS_ASSERTIONS = NO;
				ENABLE_STRICT_OBJC_MSGSEND = YES;
				GCC_C_LANGUAGE_STANDARD = gnu11;
				GCC_NO_COMMON_BLOCKS = YES;
				GCC_WARN_64_TO_32_BIT_CONVERSION = YES;
				GCC_WARN_ABOUT_RETURN_TYPE = YES_ERROR;
				GCC_WARN_UNDECLARED_SELECTOR = YES;
				GCC_WARN_UNINITIALIZED_AUTOS = YES_AGGRESSIVE;
				GCC_WARN_UNUSED_FUNCTION = YES;
				GCC_WARN_UNUSED_VARIABLE = YES;
				MACOSX_DEPLOYMENT_TARGET = 11.6;
				MTL_ENABLE_DEBUG_INFO = NO;
				MTL_FAST_MATH = YES;
				SDKROOT = macosx;
				SWIFT_COMPILATION_MODE = wholemodule;
				SWIFT_OPTIMIZATION_LEVEL = "-O";
			};
			name = Release;
		};
		B43D9F76285CE4C9002C998D /* Debug */ = {
			isa = XCBuildConfiguration;
			buildSettings = {
				ASSETCATALOG_COMPILER_APPICON_NAME = "AppIcon-2";
				ASSETCATALOG_COMPILER_GLOBAL_ACCENT_COLOR_NAME = AccentColor;
				ASSETCATALOG_COMPILER_INCLUDE_ALL_APPICON_ASSETS = YES;
				CODE_SIGN_ENTITLEMENTS = "Easy Mobile/Easy_Mobile.entitlements";
				CODE_SIGN_IDENTITY = "Apple Development";
				CODE_SIGN_STYLE = Automatic;
				COMBINE_HIDPI_IMAGES = YES;
				CURRENT_PROJECT_VERSION = 1;
				DEVELOPMENT_TEAM = 76VQ7JA2L7;
				ENABLE_HARDENED_RUNTIME = YES;
				GENERATE_INFOPLIST_FILE = YES;
				INFOPLIST_KEY_LSApplicationCategoryType = "public.app-category.developer-tools";
				INFOPLIST_KEY_NSHumanReadableCopyright = "";
				INFOPLIST_KEY_NSMainStoryboardFile = Main;
				INFOPLIST_KEY_NSPrincipalClass = NSApplication;
				LD_RUNPATH_SEARCH_PATHS = (
					"$(inherited)",
					"@executable_path/../Frameworks",
				);
				MARKETING_VERSION = 1.0;
				PRODUCT_BUNDLE_IDENTIFIER = "Murat-Yelkovan.Easy-Mobile";
				PRODUCT_NAME = "$(TARGET_NAME)";
				PROVISIONING_PROFILE_SPECIFIER = "";
				SWIFT_EMIT_LOC_STRINGS = YES;
				SWIFT_VERSION = 5.0;
			};
			name = Debug;
		};
		B43D9F77285CE4C9002C998D /* Release */ = {
			isa = XCBuildConfiguration;
			buildSettings = {
				ASSETCATALOG_COMPILER_APPICON_NAME = "AppIcon-2";
				ASSETCATALOG_COMPILER_GLOBAL_ACCENT_COLOR_NAME = AccentColor;
				ASSETCATALOG_COMPILER_INCLUDE_ALL_APPICON_ASSETS = YES;
				CODE_SIGN_ENTITLEMENTS = "Easy Mobile/Easy_Mobile.entitlements";
				CODE_SIGN_IDENTITY = "Apple Development";
				CODE_SIGN_STYLE = Automatic;
				COMBINE_HIDPI_IMAGES = YES;
				CURRENT_PROJECT_VERSION = 1;
				DEVELOPMENT_TEAM = 76VQ7JA2L7;
				ENABLE_HARDENED_RUNTIME = YES;
				GENERATE_INFOPLIST_FILE = YES;
				INFOPLIST_KEY_LSApplicationCategoryType = "public.app-category.developer-tools";
				INFOPLIST_KEY_NSHumanReadableCopyright = "";
				INFOPLIST_KEY_NSMainStoryboardFile = Main;
				INFOPLIST_KEY_NSPrincipalClass = NSApplication;
				LD_RUNPATH_SEARCH_PATHS = (
					"$(inherited)",
					"@executable_path/../Frameworks",
				);
				MARKETING_VERSION = 1.0;
				PRODUCT_BUNDLE_IDENTIFIER = "Murat-Yelkovan.Easy-Mobile";
				PRODUCT_NAME = "$(TARGET_NAME)";
				PROVISIONING_PROFILE_SPECIFIER = "";
				SWIFT_EMIT_LOC_STRINGS = YES;
				SWIFT_VERSION = 5.0;
			};
			name = Release;
		};
/* End XCBuildConfiguration section */

/* Begin XCConfigurationList section */
		B43D9F61285CE4C4002C998D /* Build configuration list for PBXProject "Easy Mobile" */ = {
			isa = XCConfigurationList;
			buildConfigurations = (
				B43D9F73285CE4C9002C998D /* Debug */,
				B43D9F74285CE4C9002C998D /* Release */,
			);
			defaultConfigurationIsVisible = 0;
			defaultConfigurationName = Release;
		};
		B43D9F75285CE4C9002C998D /* Build configuration list for PBXNativeTarget "Easy Mobile" */ = {
			isa = XCConfigurationList;
			buildConfigurations = (
				B43D9F76285CE4C9002C998D /* Debug */,
				B43D9F77285CE4C9002C998D /* Release */,
			);
			defaultConfigurationIsVisible = 0;
			defaultConfigurationName = Release;
		};
/* End XCConfigurationList section */
	};
	rootObject = B43D9F5E285CE4C4002C998D /* Project object */;
}
